
Microsoft Visual Studio Solution File, Format Version 12.00
# Visual Studio Version 16
VisualStudioVersion = 16.0.30011.22
MinimumVisualStudioVersion = 10.0.40219.1
Project("{FAE04EC0-301F-11D3-BF4B-00C04F79EFBC}") = "UrbanBishopLocal", "UrbanBishopLocal\UrbanBishopLocal.csproj", "{88B8515E-A0E8-4208-A9A0-34B01D7BA533}"
EndProject
Global
	GlobalSection(SolutionConfigurationPlatforms) = preSolution
		Debug|Any CPU = Debug|Any CPU
		Debug|x64 = Debug|x64
		Debug|x86 = Debug|x86
		Release|Any CPU = Release|Any CPU
		Release|x64 = Release|x64
		Release|x86 = Release|x86
	EndGlobalSection
	GlobalSection(ProjectConfigurationPlatforms) = postSolution
		{88B8515E-A0E8-4208-A9A0-34B01D7BA533}.Debug|Any CPU.ActiveCfg = Debug|Any CPU
		{88B8515E-A0E8-4208-A9A0-34B01D7BA533}.Debug|Any CPU.Build.0 = Debug|Any CPU
		{88B8515E-A0E8-4208-A9A0-34B01D7BA533}.Debug|x64.ActiveCfg = Debug|x64
		{88B8515E-A0E8-4208-A9A0-34B01D7BA533}.Debug|x64.Build.0 = Debug|x64
		{88B8515E-A0E8-4208-A9A0-34B01D7BA533}.Debug|x86.ActiveCfg = Debug|x86
		{88B8515E-A0E8-4208-A9A0-34B01D7BA533}.Debug|x86.Build.0 = Debug|x86
		{88B8515E-A0E8-4208-A9A0-34B01D7BA533}.Release|Any CPU.ActiveCfg = Release|Any CPU
		{88B8515E-A0E8-4208-A9A0-34B01D7BA533}.Release|Any CPU.Build.0 = Release|Any CPU
		{88B8515E-A0E8-4208-A9A0-34B01D7BA533}.Release|x64.ActiveCfg = Release|x64
		{88B8515E-A0E8-4208-A9A0-34B01D7BA533}.Release|x64.Build.0 = Release|x64
		{88B8515E-A0E8-4208-A9A0-34B01D7BA533}.Release|x86.ActiveCfg = Release|x86
		{88B8515E-A0E8-4208-A9A0-34B01D7BA533}.Release|x86.Build.0 = Release|x86
	EndGlobalSection
	GlobalSection(SolutionProperties) = preSolution
		HideSolutionNode = FALSE
	EndGlobalSection
	GlobalSection(ExtensibilityGlobals) = postSolution
		SolutionGuid = {DFC5FDCB-2D8B-4CF8-9537-C2AC9CBA168A}
	EndGlobalSection
EndGlobal
